
Microsoft Visual Studio Solution File, Format Version 12.00
# Visual Studio Version 17
VisualStudioVersion = 17.1.32228.430
MinimumVisualStudioVersion = 10.0.40219.1
Project("{FAE04EC0-301F-11D3-BF4B-00C04F79EFBC}") = "Codility_Solutions", "Codility_Solutions\Codility_Solutions.csproj", "{306DAB5C-90ED-4D0E-95FA-5315BA21FE00}"
EndProject
Global
	GlobalSection(SolutionConfigurationPlatforms) = preSolution
		Debug|Any CPU = Debug|Any CPU
		Release|Any CPU = Release|Any CPU
	EndGlobalSection
	GlobalSection(ProjectConfigurationPlatforms) = postSolution
		{306DAB5C-90ED-4D0E-95FA-5315BA21FE00}.Debug|Any CPU.ActiveCfg = Debug|Any CPU
		{306DAB5C-90ED-4D0E-95FA-5315BA21FE00}.Debug|Any CPU.Build.0 = Debug|Any CPU
		{306DAB5C-90ED-4D0E-95FA-5315BA21FE00}.Release|Any CPU.ActiveCfg = Release|Any CPU
		{306DAB5C-90ED-4D0E-95FA-5315BA21FE00}.Release|Any CPU.Build.0 = Release|Any CPU
	EndGlobalSection
	GlobalSection(SolutionProperties) = preSolution
		HideSolutionNode = FALSE
	EndGlobalSection
	GlobalSection(ExtensibilityGlobals) = postSolution
		SolutionGuid = {88D9AEC6-E0D3-4D8C-AB63-D619E1A072EF}
	EndGlobalSection
EndGlobal
